
Microsoft Visual Studio Solution File, Format Version 12.00
# Visual Studio Version 16
VisualStudioVersion = 16.0.30804.86
MinimumVisualStudioVersion = 10.0.40219.1
Project("{FAE04EC0-301F-11D3-BF4B-00C04F79EFBC}") = "GameProject", "GameProject\GameProject.csproj", "{71C7F18F-DE5E-47E6-A9CF-54CE85B71CF5}"
EndProject
Global
	GlobalSection(SolutionConfigurationPlatforms) = preSolution
		Debug|Any CPU = Debug|Any CPU
		Release|Any CPU = Release|Any CPU
	EndGlobalSection
	GlobalSection(ProjectConfigurationPlatforms) = postSolution
		{71C7F18F-DE5E-47E6-A9CF-54CE85B71CF5}.Debug|Any CPU.ActiveCfg = Debug|Any CPU
		{71C7F18F-DE5E-47E6-A9CF-54CE85B71CF5}.Debug|Any CPU.Build.0 = Debug|Any CPU
		{71C7F18F-DE5E-47E6-A9CF-54CE85B71CF5}.Release|Any CPU.ActiveCfg = Release|Any CPU
		{71C7F18F-DE5E-47E6-A9CF-54CE85B71CF5}.Release|Any CPU.Build.0 = Release|Any CPU
	EndGlobalSection
	GlobalSection(SolutionProperties) = preSolution
		HideSolutionNode = FALSE
	EndGlobalSection
	GlobalSection(ExtensibilityGlobals) = postSolution
		SolutionGuid = {8C14158A-56ED-4327-AFF1-25CF6219B489}
	EndGlobalSection
EndGlobal
